
Microsoft Visual Studio Solution File, Format Version 12.00
# Visual Studio Version 16
VisualStudioVersion = 16.0.30907.101
MinimumVisualStudioVersion = 10.0.40219.1
Project("{FAE04EC0-301F-11D3-BF4B-00C04F79EFBC}") = "LoongEgg.Chart.App", "src\LoongEgg.Chart.App\LoongEgg.Chart.App.csproj", "{D8E47DCA-952A-4EB4-BE75-88A2044D0A69}"
EndProject
Project("{FAE04EC0-301F-11D3-BF4B-00C04F79EFBC}") = "LoongEgg.Chart", "src\LoongEgg.Chart\LoongEgg.Chart.csproj", "{4A2A4068-C9DE-4301-80DF-CB3BBEF14291}"
EndProject
Global
	GlobalSection(SolutionConfigurationPlatforms) = preSolution
		Debug|Any CPU = Debug|Any CPU
		Release|Any CPU = Release|Any CPU
	EndGlobalSection
	GlobalSection(ProjectConfigurationPlatforms) = postSolution
		{D8E47DCA-952A-4EB4-BE75-88A2044D0A69}.Debug|Any CPU.ActiveCfg = Debug|Any CPU
		{D8E47DCA-952A-4EB4-BE75-88A2044D0A69}.Debug|Any CPU.Build.0 = Debug|Any CPU
		{D8E47DCA-952A-4EB4-BE75-88A2044D0A69}.Release|Any CPU.ActiveCfg = Release|Any CPU
		{D8E47DCA-952A-4EB4-BE75-88A2044D0A69}.Release|Any CPU.Build.0 = Release|Any CPU
		{4A2A4068-C9DE-4301-80DF-CB3BBEF14291}.Debug|Any CPU.ActiveCfg = Debug|Any CPU
		{4A2A4068-C9DE-4301-80DF-CB3BBEF14291}.Debug|Any CPU.Build.0 = Debug|Any CPU
		{4A2A4068-C9DE-4301-80DF-CB3BBEF14291}.Release|Any CPU.ActiveCfg = Release|Any CPU
		{4A2A4068-C9DE-4301-80DF-CB3BBEF14291}.Release|Any CPU.Build.0 = Release|Any CPU
	EndGlobalSection
	GlobalSection(SolutionProperties) = preSolution
		HideSolutionNode = FALSE
	EndGlobalSection
	GlobalSection(ExtensibilityGlobals) = postSolution
		SolutionGuid = {586F9B8D-9CD0-4C73-B7B6-2AB938DE69DA}
	EndGlobalSection
EndGlobal
